
Microsoft Visual Studio Solution File, Format Version 12.00
# Visual Studio Version 17
VisualStudioVersion = 17.13.35931.197
MinimumVisualStudioVersion = 10.0.40219.1
Project("{FAE04EC0-301F-11D3-BF4B-00C04F79EFBC}") = "SupermarketWEB", "SupermarketWEB.csproj", "{FF123E1B-1552-4F04-B442-9111D8E4EF5F}"
EndProject
Global
	GlobalSection(SolutionConfigurationPlatforms) = preSolution
		Debug|Any CPU = Debug|Any CPU
		Release|Any CPU = Release|Any CPU
	EndGlobalSection
	GlobalSection(ProjectConfigurationPlatforms) = postSolution
		{FF123E1B-1552-4F04-B442-9111D8E4EF5F}.Debug|Any CPU.ActiveCfg = Debug|Any CPU
		{FF123E1B-1552-4F04-B442-9111D8E4EF5F}.Debug|Any CPU.Build.0 = Debug|Any CPU
		{FF123E1B-1552-4F04-B442-9111D8E4EF5F}.Release|Any CPU.ActiveCfg = Release|Any CPU
		{FF123E1B-1552-4F04-B442-9111D8E4EF5F}.Release|Any CPU.Build.0 = Release|Any CPU
	EndGlobalSection
	GlobalSection(SolutionProperties) = preSolution
		HideSolutionNode = FALSE
	EndGlobalSection
	GlobalSection(ExtensibilityGlobals) = postSolution
		SolutionGuid = {0B4C778E-5214-46DF-A45A-D6B9C7C917B6}
	EndGlobalSection
EndGlobal
